
Microsoft Visual Studio Solution File, Format Version 12.00
Project("{FAE04EC0-301F-11D3-BF4B-00C04F79EFBC}") = "admin-back", "admin-back\admin-back.csproj", "{5DB60B97-94B5-41D3-814C-856D430E6A2C}"
EndProject
Project("{2150E333-8FDC-42A3-9474-1A3956D46DE8}") = "Solution Items", "Solution Items", "{2F74B7A1-7446-468F-9593-B15F065CF375}"
	ProjectSection(SolutionItems) = preProject
		docker-compose.yml = docker-compose.yml
	EndProjectSection
EndProject
Global
	GlobalSection(SolutionConfigurationPlatforms) = preSolution
		Debug|Any CPU = Debug|Any CPU
		Release|Any CPU = Release|Any CPU
	EndGlobalSection
	GlobalSection(ProjectConfigurationPlatforms) = postSolution
		{5DB60B97-94B5-41D3-814C-856D430E6A2C}.Debug|Any CPU.ActiveCfg = Debug|Any CPU
		{5DB60B97-94B5-41D3-814C-856D430E6A2C}.Debug|Any CPU.Build.0 = Debug|Any CPU
		{5DB60B97-94B5-41D3-814C-856D430E6A2C}.Release|Any CPU.ActiveCfg = Release|Any CPU
		{5DB60B97-94B5-41D3-814C-856D430E6A2C}.Release|Any CPU.Build.0 = Release|Any CPU
	EndGlobalSection
EndGlobal
